
Microsoft Visual Studio Solution File, Format Version 12.00
# Visual Studio 2013
VisualStudioVersion = 12.0.31101.0
MinimumVisualStudioVersion = 10.0.40219.1
Project("{FAE04EC0-301F-11D3-BF4B-00C04F79EFBC}") = "OneSheeld", "OneSheeld\OneSheeld.csproj", "{83310819-1C4A-4085-9923-90BF5234AAC5}"
EndProject
Project("{FAE04EC0-301F-11D3-BF4B-00C04F79EFBC}") = "SimpleLED", "SimpleLED\SimpleLED.csproj", "{D347ED8D-AC44-47B2-8F45-FE106B055915}"
EndProject
Project("{FAE04EC0-301F-11D3-BF4B-00C04F79EFBC}") = "SimplePUSHBUTTON", "SimplePUSHBUTTON\SimplePUSHBUTTON.csproj", "{30407903-98B7-4309-BAB4-DD9D03732E35}"
EndProject
Project("{FAE04EC0-301F-11D3-BF4B-00C04F79EFBC}") = "SimpleTOGGLEBUTTON", "SimpleTOGGLEBUTTON\SimpleTOGGLEBUTTON.csproj", "{1BA927D0-0AED-494C-8D8C-13C35C565F28}"
EndProject
Project("{FAE04EC0-301F-11D3-BF4B-00C04F79EFBC}") = "SimpleMIC", "SimpleMIC\SimpleMIC.csproj", "{E6DD3F46-2208-4348-AE56-529C4CE0591E}"
EndProject
Project("{FAE04EC0-301F-11D3-BF4B-00C04F79EFBC}") = "SimpleKEYPAD", "SimpleKEYPAD\SimpleKEYPAD.csproj", "{AD476877-6ED2-4C7C-9133-BBC09B5CC070}"
EndProject
Project("{FAE04EC0-301F-11D3-BF4B-00C04F79EFBC}") = "SimpleBUZZER", "SimpleBUZZER\SimpleBUZZER.csproj", "{1C3E0F16-8656-4521-933D-4D2246FF65CF}"
EndProject
Project("{FAE04EC0-301F-11D3-BF4B-00C04F79EFBC}") = "SimpleCAMERA", "SimpleCAMERA\SimpleCAMERA.csproj", "{93E331C4-AC42-4042-98CE-2814F1988394}"
EndProject
Project("{FAE04EC0-301F-11D3-BF4B-00C04F79EFBC}") = "SimpleTWITTER", "SimpleTWITTER\SimpleTWITTER.csproj", "{509142A3-F3CF-4081-9AF2-DAFB8A5068AC}"
EndProject
Project("{FAE04EC0-301F-11D3-BF4B-00C04F79EFBC}") = "SimpleACCELEROMETER", "SimpleACCELEROMETER\SimpleACCELEROMETER.csproj", "{9E11BEC2-2CBF-4A50-B33F-9C774BDF42FE}"
EndProject
Project("{FAE04EC0-301F-11D3-BF4B-00C04F79EFBC}") = "AdvancedSEVENSEGMENT", "AdvancedSEVENSEGMENT\AdvancedSEVENSEGMENT.csproj", "{17E0F73C-9BD5-48FB-827B-6B6B9D0D5795}"
EndProject
Project("{FAE04EC0-301F-11D3-BF4B-00C04F79EFBC}") = "AdvancedLCD", "AdvancedLCD\AdvancedLCD.csproj", "{9299819A-806E-485F-88BE-1E584A5DD517}"
EndProject
Project("{FAE04EC0-301F-11D3-BF4B-00C04F79EFBC}") = "SimpleMAGNETOMETER", "SimpleMAGNETOMETER\SimpleMAGNETOMETER.csproj", "{26DAFD3B-55BE-4EB8-AED1-8B7CAE722109}"
EndProject
Project("{FAE04EC0-301F-11D3-BF4B-00C04F79EFBC}") = "SimpleFACEBOOK", "SimpleFACEBOOK\SimpleFACEBOOK.csproj", "{A62A3A14-A280-4720-A84F-AB925BB3FD51}"
EndProject
Project("{FAE04EC0-301F-11D3-BF4B-00C04F79EFBC}") = "SimpleGRAVITY", "SimpleGRAVITY\SimpleGRAVITY.csproj", "{11421CD1-D2E6-4C82-B3E7-951B444A0837}"
EndProject
Project("{FAE04EC0-301F-11D3-BF4B-00C04F79EFBC}") = "SimpleGYROSCOPE", "SimpleGYROSCOPE\SimpleGYROSCOPE.csproj", "{D707FA84-E27D-4F06-953F-CAC7EB5F6506}"
EndProject
Project("{FAE04EC0-301F-11D3-BF4B-00C04F79EFBC}") = "SimpleTEMPERATURE", "SimpleTEMPERATURE\SimpleTEMPERATURE.csproj", "{AEA7AB85-88E7-40B1-840D-51F3A8BAD329}"
EndProject
Project("{FAE04EC0-301F-11D3-BF4B-00C04F79EFBC}") = "SimpleLIGHT", "SimpleLIGHT\SimpleLIGHT.csproj", "{7B654A6A-8E72-49DC-BF3C-FF4757C296D9}"
EndProject
Project("{FAE04EC0-301F-11D3-BF4B-00C04F79EFBC}") = "SimplePROXIMITY", "SimplePROXIMITY\SimplePROXIMITY.csproj", "{FD69EDA4-59AF-46A4-9D2F-CB520437D7FB}"
EndProject
Project("{FAE04EC0-301F-11D3-BF4B-00C04F79EFBC}") = "SimpleTERMINAL", "SimpleTERMINAL\SimpleTERMINAL.csproj", "{06B0CA5A-8BAB-4100-A2B4-9B3DAFB64F13}"
EndProject
Project("{FAE04EC0-301F-11D3-BF4B-00C04F79EFBC}") = "SimpleORIENTATION", "SimpleORIENTATION\SimpleORIENTATION.csproj", "{6C8F2363-1EAC-4CA1-B898-3768FB7583E6}"
EndProject
Project("{FAE04EC0-301F-11D3-BF4B-00C04F79EFBC}") = "AdvancedPRESSURE", "AdvancedPRESSURE\AdvancedPRESSURE.csproj", "{4B714293-846C-4149-9D80-703B66A3B577}"
EndProject
Project("{FAE04EC0-301F-11D3-BF4B-00C04F79EFBC}") = "AdvancedSMS", "AdvancedSMS\AdvancedSMS.csproj", "{6439315C-97DB-45A9-B9FF-9BE0DCF56ED8}"
EndProject
Project("{FAE04EC0-301F-11D3-BF4B-00C04F79EFBC}") = "SimpleSLIDER", "SimpleSLIDER\SimpleSLIDER.csproj", "{2D6E02D5-208C-45A4-ABD8-9C0DBEF6AF41}"
EndProject
Project("{FAE04EC0-301F-11D3-BF4B-00C04F79EFBC}") = "AdvancedCLOCK", "AdvancedCLOCK\AdvancedCLOCK.csproj", "{187EBA2B-E82F-4EF6-9B2E-3DB03462D2E3}"
EndProject
Project("{FAE04EC0-301F-11D3-BF4B-00C04F79EFBC}") = "AdvancedTTS", "AdvancedTTS\AdvancedTTS.csproj", "{9AD816F7-1892-46B2-A6DF-B11575EECD0F}"
EndProject
Project("{FAE04EC0-301F-11D3-BF4B-00C04F79EFBC}") = "SimpleDATALOGGER", "SimpleDATALOGGER\SimpleDATALOGGER.csproj", "{FE75B31C-D29A-468B-99C0-BBBE186BA782}"
EndProject
Project("{FAE04EC0-301F-11D3-BF4B-00C04F79EFBC}") = "AdvancedEMAIL", "AdvancedEMAIL\AdvancedEMAIL.csproj", "{1056ED03-00B5-4F4A-A8C1-C32B8E5FD77B}"
EndProject
Project("{FAE04EC0-301F-11D3-BF4B-00C04F79EFBC}") = "SimpleFOURSQUARE", "SimpleFOURSQUARE\SimpleFOURSQUARE.csproj", "{950EED4F-9DD3-42AB-92A5-B7A3DE4A6649}"
EndProject
Project("{FAE04EC0-301F-11D3-BF4B-00C04F79EFBC}") = "SimpleGAMEPAD", "SimpleGAMEPAD\SimpleGAMEPAD.csproj", "{BFAA0FFD-9DD6-45EA-9004-93040D74C56A}"
EndProject
Project("{FAE04EC0-301F-11D3-BF4B-00C04F79EFBC}") = "AdvancedSKYPE", "AdvancedSKYPE\AdvancedSKYPE.csproj", "{EFB7498A-1F7A-47D1-A599-EACF9CCACCC0}"
EndProject
Project("{FAE04EC0-301F-11D3-BF4B-00C04F79EFBC}") = "SimpleKEYBOARD", "SimpleKEYBOARD\SimpleKEYBOARD.csproj", "{7A4FFD59-5D97-4C50-9756-9B398A2B9A1C}"
EndProject
Project("{FAE04EC0-301F-11D3-BF4B-00C04F79EFBC}") = "SimpleNOTIFICATION", "SimpleNOTIFICATION\SimpleNOTIFICATION.csproj", "{EA8AAD7E-5785-4BB0-BDCE-21C5DB52E1C1}"
EndProject
Project("{FAE04EC0-301F-11D3-BF4B-00C04F79EFBC}") = "SimplePHONE", "SimplePHONE\SimplePHONE.csproj", "{4F42E1D4-F319-40FC-8BE4-20BC90B6DC62}"
EndProject
Project("{FAE04EC0-301F-11D3-BF4B-00C04F79EFBC}") = "AdvancedGPS", "AdvancedGPS\AdvancedGPS.csproj", "{3EDC5268-6679-4DB3-8D6C-EDACEB231B57}"
EndProject
Project("{FAE04EC0-301F-11D3-BF4B-00C04F79EFBC}") = "SimpleMUSICPLAYER", "SimpleMUSICPLAYER\SimpleMUSICPLAYER.csproj", "{0AF3FEB5-E8B7-4DDC-B3A9-BE174086D642}"
EndProject
Project("{FAE04EC0-301F-11D3-BF4B-00C04F79EFBC}") = "SimpleVOICERECOGNITION", "SimpleVOICERECOGNITION\SimpleVOICERECOGNITION.csproj", "{53081350-8E02-44CF-BE3C-CBC125E7724A}"
EndProject
Project("{FAE04EC0-301F-11D3-BF4B-00C04F79EFBC}") = "SimplePATTERN", "SimplePATTERN\SimplePATTERN.csproj", "{4666FE8B-1EC8-425C-9109-E185A3B3F37D}"
EndProject
Project("{FAE04EC0-301F-11D3-BF4B-00C04F79EFBC}") = "SimpleINTERNET", "SimpleINTERNET\SimpleINTERNET.csproj", "{FB7008A2-9D0E-474F-B053-1D7669B22F78}"
EndProject
Project("{FAE04EC0-301F-11D3-BF4B-00C04F79EFBC}") = "AdvancedINTERNET", "AdvancedINTERNET\AdvancedINTERNET.csproj", "{5A536032-DFAE-4A93-A2C3-CE5FB061CF8D}"
EndProject
Project("{FAE04EC0-301F-11D3-BF4B-00C04F79EFBC}") = "SimpleCOLOR", "SimpleCOLOR\SimpleCOLOR.csproj", "{E0191846-CB9E-40F9-A30D-0CE492BA36DC}"
EndProject
Project("{FAE04EC0-301F-11D3-BF4B-00C04F79EFBC}") = "SimpleNFC", "SimpleNFC\SimpleNFC.csproj", "{16F0B232-778B-4A54-9884-1169997A0A15}"
EndProject
Project("{FAE04EC0-301F-11D3-BF4B-00C04F79EFBC}") = "AdvancedNFC", "AdvancedNFC\AdvancedNFC.csproj", "{53D06A59-C598-407D-AB09-CE3333E483A2}"
EndProject
Global
	GlobalSection(SolutionConfigurationPlatforms) = preSolution
		Debug|Any CPU = Debug|Any CPU
		Release|Any CPU = Release|Any CPU
	EndGlobalSection
	GlobalSection(ProjectConfigurationPlatforms) = postSolution
		{83310819-1C4A-4085-9923-90BF5234AAC5}.Debug|Any CPU.ActiveCfg = Debug|Any CPU
		{83310819-1C4A-4085-9923-90BF5234AAC5}.Debug|Any CPU.Build.0 = Debug|Any CPU
		{83310819-1C4A-4085-9923-90BF5234AAC5}.Release|Any CPU.ActiveCfg = Release|Any CPU
		{83310819-1C4A-4085-9923-90BF5234AAC5}.Release|Any CPU.Build.0 = Release|Any CPU
		{D347ED8D-AC44-47B2-8F45-FE106B055915}.Debug|Any CPU.ActiveCfg = Debug|Any CPU
		{D347ED8D-AC44-47B2-8F45-FE106B055915}.Debug|Any CPU.Build.0 = Debug|Any CPU
		{D347ED8D-AC44-47B2-8F45-FE106B055915}.Debug|Any CPU.Deploy.0 = Debug|Any CPU
		{D347ED8D-AC44-47B2-8F45-FE106B055915}.Release|Any CPU.ActiveCfg = Release|Any CPU
		{D347ED8D-AC44-47B2-8F45-FE106B055915}.Release|Any CPU.Build.0 = Release|Any CPU
		{D347ED8D-AC44-47B2-8F45-FE106B055915}.Release|Any CPU.Deploy.0 = Release|Any CPU
		{30407903-98B7-4309-BAB4-DD9D03732E35}.Debug|Any CPU.ActiveCfg = Debug|Any CPU
		{30407903-98B7-4309-BAB4-DD9D03732E35}.Debug|Any CPU.Build.0 = Debug|Any CPU
		{30407903-98B7-4309-BAB4-DD9D03732E35}.Debug|Any CPU.Deploy.0 = Debug|Any CPU
		{30407903-98B7-4309-BAB4-DD9D03732E35}.Release|Any CPU.ActiveCfg = Release|Any CPU
		{30407903-98B7-4309-BAB4-DD9D03732E35}.Release|Any CPU.Build.0 = Release|Any CPU
		{30407903-98B7-4309-BAB4-DD9D03732E35}.Release|Any CPU.Deploy.0 = Release|Any CPU
		{1BA927D0-0AED-494C-8D8C-13C35C565F28}.Debug|Any CPU.ActiveCfg = Debug|Any CPU
		{1BA927D0-0AED-494C-8D8C-13C35C565F28}.Debug|Any CPU.Build.0 = Debug|Any CPU
		{1BA927D0-0AED-494C-8D8C-13C35C565F28}.Debug|Any CPU.Deploy.0 = Debug|Any CPU
		{1BA927D0-0AED-494C-8D8C-13C35C565F28}.Release|Any CPU.ActiveCfg = Release|Any CPU
		{1BA927D0-0AED-494C-8D8C-13C35C565F28}.Release|Any CPU.Build.0 = Release|Any CPU
		{1BA927D0-0AED-494C-8D8C-13C35C565F28}.Release|Any CPU.Deploy.0 = Release|Any CPU
		{E6DD3F46-2208-4348-AE56-529C4CE0591E}.Debug|Any CPU.ActiveCfg = Debug|Any CPU
		{E6DD3F46-2208-4348-AE56-529C4CE0591E}.Debug|Any CPU.Build.0 = Debug|Any CPU
		{E6DD3F46-2208-4348-AE56-529C4CE0591E}.Debug|Any CPU.Deploy.0 = Debug|Any CPU
		{E6DD3F46-2208-4348-AE56-529C4CE0591E}.Release|Any CPU.ActiveCfg = Release|Any CPU
		{E6DD3F46-2208-4348-AE56-529C4CE0591E}.Release|Any CPU.Build.0 = Release|Any CPU
		{E6DD3F46-2208-4348-AE56-529C4CE0591E}.Release|Any CPU.Deploy.0 = Release|Any CPU
		{AD476877-6ED2-4C7C-9133-BBC09B5CC070}.Debug|Any CPU.ActiveCfg = Debug|Any CPU
		{AD476877-6ED2-4C7C-9133-BBC09B5CC070}.Debug|Any CPU.Build.0 = Debug|Any CPU
		{AD476877-6ED2-4C7C-9133-BBC09B5CC070}.Debug|Any CPU.Deploy.0 = Debug|Any CPU
		{AD476877-6ED2-4C7C-9133-BBC09B5CC070}.Release|Any CPU.ActiveCfg = Release|Any CPU
		{AD476877-6ED2-4C7C-9133-BBC09B5CC070}.Release|Any CPU.Build.0 = Release|Any CPU
		{AD476877-6ED2-4C7C-9133-BBC09B5CC070}.Release|Any CPU.Deploy.0 = Release|Any CPU
		{1C3E0F16-8656-4521-933D-4D2246FF65CF}.Debug|Any CPU.ActiveCfg = Debug|Any CPU
		{1C3E0F16-8656-4521-933D-4D2246FF65CF}.Debug|Any CPU.Build.0 = Debug|Any CPU
		{1C3E0F16-8656-4521-933D-4D2246FF65CF}.Debug|Any CPU.Deploy.0 = Debug|Any CPU
		{1C3E0F16-8656-4521-933D-4D2246FF65CF}.Release|Any CPU.ActiveCfg = Release|Any CPU
		{1C3E0F16-8656-4521-933D-4D2246FF65CF}.Release|Any CPU.Build.0 = Release|Any CPU
		{1C3E0F16-8656-4521-933D-4D2246FF65CF}.Release|Any CPU.Deploy.0 = Release|Any CPU
		{93E331C4-AC42-4042-98CE-2814F1988394}.Debug|Any CPU.ActiveCfg = Debug|Any CPU
		{93E331C4-AC42-4042-98CE-2814F1988394}.Debug|Any CPU.Build.0 = Debug|Any CPU
		{93E331C4-AC42-4042-98CE-2814F1988394}.Debug|Any CPU.Deploy.0 = Debug|Any CPU
		{93E331C4-AC42-4042-98CE-2814F1988394}.Release|Any CPU.ActiveCfg = Release|Any CPU
		{93E331C4-AC42-4042-98CE-2814F1988394}.Release|Any CPU.Build.0 = Release|Any CPU
		{93E331C4-AC42-4042-98CE-2814F1988394}.Release|Any CPU.Deploy.0 = Release|Any CPU
		{509142A3-F3CF-4081-9AF2-DAFB8A5068AC}.Debug|Any CPU.ActiveCfg = Debug|Any CPU
		{509142A3-F3CF-4081-9AF2-DAFB8A5068AC}.Debug|Any CPU.Build.0 = Debug|Any CPU
		{509142A3-F3CF-4081-9AF2-DAFB8A5068AC}.Debug|Any CPU.Deploy.0 = Debug|Any CPU
		{509142A3-F3CF-4081-9AF2-DAFB8A5068AC}.Release|Any CPU.ActiveCfg = Release|Any CPU
		{509142A3-F3CF-4081-9AF2-DAFB8A5068AC}.Release|Any CPU.Build.0 = Release|Any CPU
		{509142A3-F3CF-4081-9AF2-DAFB8A5068AC}.Release|Any CPU.Deploy.0 = Release|Any CPU
		{9E11BEC2-2CBF-4A50-B33F-9C774BDF42FE}.Debug|Any CPU.ActiveCfg = Debug|Any CPU
		{9E11BEC2-2CBF-4A50-B33F-9C774BDF42FE}.Debug|Any CPU.Build.0 = Debug|Any CPU
		{9E11BEC2-2CBF-4A50-B33F-9C774BDF42FE}.Debug|Any CPU.Deploy.0 = Debug|Any CPU
		{9E11BEC2-2CBF-4A50-B33F-9C774BDF42FE}.Release|Any CPU.ActiveCfg = Release|Any CPU
		{9E11BEC2-2CBF-4A50-B33F-9C774BDF42FE}.Release|Any CPU.Build.0 = Release|Any CPU
		{9E11BEC2-2CBF-4A50-B33F-9C774BDF42FE}.Release|Any CPU.Deploy.0 = Release|Any CPU
		{17E0F73C-9BD5-48FB-827B-6B6B9D0D5795}.Debug|Any CPU.ActiveCfg = Debug|Any CPU
		{17E0F73C-9BD5-48FB-827B-6B6B9D0D5795}.Debug|Any CPU.Build.0 = Debug|Any CPU
		{17E0F73C-9BD5-48FB-827B-6B6B9D0D5795}.Debug|Any CPU.Deploy.0 = Debug|Any CPU
		{17E0F73C-9BD5-48FB-827B-6B6B9D0D5795}.Release|Any CPU.ActiveCfg = Release|Any CPU
		{17E0F73C-9BD5-48FB-827B-6B6B9D0D5795}.Release|Any CPU.Build.0 = Release|Any CPU
		{17E0F73C-9BD5-48FB-827B-6B6B9D0D5795}.Release|Any CPU.Deploy.0 = Release|Any CPU
		{9299819A-806E-485F-88BE-1E584A5DD517}.Debug|Any CPU.ActiveCfg = Debug|Any CPU
		{9299819A-806E-485F-88BE-1E584A5DD517}.Debug|Any CPU.Build.0 = Debug|Any CPU
		{9299819A-806E-485F-88BE-1E584A5DD517}.Debug|Any CPU.Deploy.0 = Debug|Any CPU
		{9299819A-806E-485F-88BE-1E584A5DD517}.Release|Any CPU.ActiveCfg = Release|Any CPU
		{9299819A-806E-485F-88BE-1E584A5DD517}.Release|Any CPU.Build.0 = Release|Any CPU
		{9299819A-806E-485F-88BE-1E584A5DD517}.Release|Any CPU.Deploy.0 = Release|Any CPU
		{26DAFD3B-55BE-4EB8-AED1-8B7CAE722109}.Debug|Any CPU.ActiveCfg = Debug|Any CPU
		{26DAFD3B-55BE-4EB8-AED1-8B7CAE722109}.Debug|Any CPU.Build.0 = Debug|Any CPU
		{26DAFD3B-55BE-4EB8-AED1-8B7CAE722109}.Debug|Any CPU.Deploy.0 = Debug|Any CPU
		{26DAFD3B-55BE-4EB8-AED1-8B7CAE722109}.Release|Any CPU.ActiveCfg = Release|Any CPU
		{26DAFD3B-55BE-4EB8-AED1-8B7CAE722109}.Release|Any CPU.Build.0 = Release|Any CPU
		{26DAFD3B-55BE-4EB8-AED1-8B7CAE722109}.Release|Any CPU.Deploy.0 = Release|Any CPU
		{A62A3A14-A280-4720-A84F-AB925BB3FD51}.Debug|Any CPU.ActiveCfg = Debug|Any CPU
		{A62A3A14-A280-4720-A84F-AB925BB3FD51}.Debug|Any CPU.Build.0 = Debug|Any CPU
		{A62A3A14-A280-4720-A84F-AB925BB3FD51}.Debug|Any CPU.Deploy.0 = Debug|Any CPU
		{A62A3A14-A280-4720-A84F-AB925BB3FD51}.Release|Any CPU.ActiveCfg = Release|Any CPU
		{A62A3A14-A280-4720-A84F-AB925BB3FD51}.Release|Any CPU.Build.0 = Release|Any CPU
		{A62A3A14-A280-4720-A84F-AB925BB3FD51}.Release|Any CPU.Deploy.0 = Release|Any CPU
		{11421CD1-D2E6-4C82-B3E7-951B444A0837}.Debug|Any CPU.ActiveCfg = Debug|Any CPU
		{11421CD1-D2E6-4C82-B3E7-951B444A0837}.Debug|Any CPU.Build.0 = Debug|Any CPU
		{11421CD1-D2E6-4C82-B3E7-951B444A0837}.Debug|Any CPU.Deploy.0 = Debug|Any CPU
		{11421CD1-D2E6-4C82-B3E7-951B444A0837}.Release|Any CPU.ActiveCfg = Release|Any CPU
		{11421CD1-D2E6-4C82-B3E7-951B444A0837}.Release|Any CPU.Build.0 = Release|Any CPU
		{11421CD1-D2E6-4C82-B3E7-951B444A0837}.Release|Any CPU.Deploy.0 = Release|Any CPU
		{D707FA84-E27D-4F06-953F-CAC7EB5F6506}.Debug|Any CPU.ActiveCfg = Debug|Any CPU
		{D707FA84-E27D-4F06-953F-CAC7EB5F6506}.Debug|Any CPU.Build.0 = Debug|Any CPU
		{D707FA84-E27D-4F06-953F-CAC7EB5F6506}.Debug|Any CPU.Deploy.0 = Debug|Any CPU
		{D707FA84-E27D-4F06-953F-CAC7EB5F6506}.Release|Any CPU.ActiveCfg = Release|Any CPU
		{D707FA84-E27D-4F06-953F-CAC7EB5F6506}.Release|Any CPU.Build.0 = Release|Any CPU
		{D707FA84-E27D-4F06-953F-CAC7EB5F6506}.Release|Any CPU.Deploy.0 = Release|Any CPU
		{AEA7AB85-88E7-40B1-840D-51F3A8BAD329}.Debug|Any CPU.ActiveCfg = Debug|Any CPU
		{AEA7AB85-88E7-40B1-840D-51F3A8BAD329}.Debug|Any CPU.Build.0 = Debug|Any CPU
		{AEA7AB85-88E7-40B1-840D-51F3A8BAD329}.Debug|Any CPU.Deploy.0 = Debug|Any CPU
		{AEA7AB85-88E7-40B1-840D-51F3A8BAD329}.Release|Any CPU.ActiveCfg = Release|Any CPU
		{AEA7AB85-88E7-40B1-840D-51F3A8BAD329}.Release|Any CPU.Build.0 = Release|Any CPU
		{AEA7AB85-88E7-40B1-840D-51F3A8BAD329}.Release|Any CPU.Deploy.0 = Release|Any CPU
		{7B654A6A-8E72-49DC-BF3C-FF4757C296D9}.Debug|Any CPU.ActiveCfg = Debug|Any CPU
		{7B654A6A-8E72-49DC-BF3C-FF4757C296D9}.Debug|Any CPU.Build.0 = Debug|Any CPU
		{7B654A6A-8E72-49DC-BF3C-FF4757C296D9}.Debug|Any CPU.Deploy.0 = Debug|Any CPU
		{7B654A6A-8E72-49DC-BF3C-FF4757C296D9}.Release|Any CPU.ActiveCfg = Release|Any CPU
		{7B654A6A-8E72-49DC-BF3C-FF4757C296D9}.Release|Any CPU.Build.0 = Release|Any CPU
		{7B654A6A-8E72-49DC-BF3C-FF4757C296D9}.Release|Any CPU.Deploy.0 = Release|Any CPU
		{FD69EDA4-59AF-46A4-9D2F-CB520437D7FB}.Debug|Any CPU.ActiveCfg = Debug|Any CPU
		{FD69EDA4-59AF-46A4-9D2F-CB520437D7FB}.Debug|Any CPU.Build.0 = Debug|Any CPU
		{FD69EDA4-59AF-46A4-9D2F-CB520437D7FB}.Debug|Any CPU.Deploy.0 = Debug|Any CPU
		{FD69EDA4-59AF-46A4-9D2F-CB520437D7FB}.Release|Any CPU.ActiveCfg = Release|Any CPU
		{FD69EDA4-59AF-46A4-9D2F-CB520437D7FB}.Release|Any CPU.Build.0 = Release|Any CPU
		{FD69EDA4-59AF-46A4-9D2F-CB520437D7FB}.Release|Any CPU.Deploy.0 = Release|Any CPU
		{06B0CA5A-8BAB-4100-A2B4-9B3DAFB64F13}.Debug|Any CPU.ActiveCfg = Debug|Any CPU
		{06B0CA5A-8BAB-4100-A2B4-9B3DAFB64F13}.Debug|Any CPU.Build.0 = Debug|Any CPU
		{06B0CA5A-8BAB-4100-A2B4-9B3DAFB64F13}.Debug|Any CPU.Deploy.0 = Debug|Any CPU
		{06B0CA5A-8BAB-4100-A2B4-9B3DAFB64F13}.Release|Any CPU.ActiveCfg = Release|Any CPU
		{06B0CA5A-8BAB-4100-A2B4-9B3DAFB64F13}.Release|Any CPU.Build.0 = Release|Any CPU
		{06B0CA5A-8BAB-4100-A2B4-9B3DAFB64F13}.Release|Any CPU.Deploy.0 = Release|Any CPU
		{6C8F2363-1EAC-4CA1-B898-3768FB7583E6}.Debug|Any CPU.ActiveCfg = Debug|Any CPU
		{6C8F2363-1EAC-4CA1-B898-3768FB7583E6}.Debug|Any CPU.Build.0 = Debug|Any CPU
		{6C8F2363-1EAC-4CA1-B898-3768FB7583E6}.Debug|Any CPU.Deploy.0 = Debug|Any CPU
		{6C8F2363-1EAC-4CA1-B898-3768FB7583E6}.Release|Any CPU.ActiveCfg = Release|Any CPU
		{6C8F2363-1EAC-4CA1-B898-3768FB7583E6}.Release|Any CPU.Build.0 = Release|Any CPU
		{6C8F2363-1EAC-4CA1-B898-3768FB7583E6}.Release|Any CPU.Deploy.0 = Release|Any CPU
		{4B714293-846C-4149-9D80-703B66A3B577}.Debug|Any CPU.ActiveCfg = Debug|Any CPU
		{4B714293-846C-4149-9D80-703B66A3B577}.Debug|Any CPU.Build.0 = Debug|Any CPU
		{4B714293-846C-4149-9D80-703B66A3B577}.Debug|Any CPU.Deploy.0 = Debug|Any CPU
		{4B714293-846C-4149-9D80-703B66A3B577}.Release|Any CPU.ActiveCfg = Release|Any CPU
		{4B714293-846C-4149-9D80-703B66A3B577}.Release|Any CPU.Build.0 = Release|Any CPU
		{4B714293-846C-4149-9D80-703B66A3B577}.Release|Any CPU.Deploy.0 = Release|Any CPU
		{6439315C-97DB-45A9-B9FF-9BE0DCF56ED8}.Debug|Any CPU.ActiveCfg = Debug|Any CPU
		{6439315C-97DB-45A9-B9FF-9BE0DCF56ED8}.Debug|Any CPU.Build.0 = Debug|Any CPU
		{6439315C-97DB-45A9-B9FF-9BE0DCF56ED8}.Debug|Any CPU.Deploy.0 = Debug|Any CPU
		{6439315C-97DB-45A9-B9FF-9BE0DCF56ED8}.Release|Any CPU.ActiveCfg = Release|Any CPU
		{6439315C-97DB-45A9-B9FF-9BE0DCF56ED8}.Release|Any CPU.Build.0 = Release|Any CPU
		{6439315C-97DB-45A9-B9FF-9BE0DCF56ED8}.Release|Any CPU.Deploy.0 = Release|Any CPU
		{2D6E02D5-208C-45A4-ABD8-9C0DBEF6AF41}.Debug|Any CPU.ActiveCfg = Debug|Any CPU
		{2D6E02D5-208C-45A4-ABD8-9C0DBEF6AF41}.Debug|Any CPU.Build.0 = Debug|Any CPU
		{2D6E02D5-208C-45A4-ABD8-9C0DBEF6AF41}.Debug|Any CPU.Deploy.0 = Debug|Any CPU
		{2D6E02D5-208C-45A4-ABD8-9C0DBEF6AF41}.Release|Any CPU.ActiveCfg = Release|Any CPU
		{2D6E02D5-208C-45A4-ABD8-9C0DBEF6AF41}.Release|Any CPU.Build.0 = Release|Any CPU
		{2D6E02D5-208C-45A4-ABD8-9C0DBEF6AF41}.Release|Any CPU.Deploy.0 = Release|Any CPU
		{187EBA2B-E82F-4EF6-9B2E-3DB03462D2E3}.Debug|Any CPU.ActiveCfg = Debug|Any CPU
		{187EBA2B-E82F-4EF6-9B2E-3DB03462D2E3}.Debug|Any CPU.Build.0 = Debug|Any CPU
		{187EBA2B-E82F-4EF6-9B2E-3DB03462D2E3}.Debug|Any CPU.Deploy.0 = Debug|Any CPU
		{187EBA2B-E82F-4EF6-9B2E-3DB03462D2E3}.Release|Any CPU.ActiveCfg = Release|Any CPU
		{187EBA2B-E82F-4EF6-9B2E-3DB03462D2E3}.Release|Any CPU.Build.0 = Release|Any CPU
		{187EBA2B-E82F-4EF6-9B2E-3DB03462D2E3}.Release|Any CPU.Deploy.0 = Release|Any CPU
		{9AD816F7-1892-46B2-A6DF-B11575EECD0F}.Debug|Any CPU.ActiveCfg = Debug|Any CPU
		{9AD816F7-1892-46B2-A6DF-B11575EECD0F}.Debug|Any CPU.Build.0 = Debug|Any CPU
		{9AD816F7-1892-46B2-A6DF-B11575EECD0F}.Debug|Any CPU.Deploy.0 = Debug|Any CPU
		{9AD816F7-1892-46B2-A6DF-B11575EECD0F}.Release|Any CPU.ActiveCfg = Release|Any CPU
		{9AD816F7-1892-46B2-A6DF-B11575EECD0F}.Release|Any CPU.Build.0 = Release|Any CPU
		{9AD816F7-1892-46B2-A6DF-B11575EECD0F}.Release|Any CPU.Deploy.0 = Release|Any CPU
		{FE75B31C-D29A-468B-99C0-BBBE186BA782}.Debug|Any CPU.ActiveCfg = Debug|Any CPU
		{FE75B31C-D29A-468B-99C0-BBBE186BA782}.Debug|Any CPU.Build.0 = Debug|Any CPU
		{FE75B31C-D29A-468B-99C0-BBBE186BA782}.Debug|Any CPU.Deploy.0 = Debug|Any CPU
		{FE75B31C-D29A-468B-99C0-BBBE186BA782}.Release|Any CPU.ActiveCfg = Release|Any CPU
		{FE75B31C-D29A-468B-99C0-BBBE186BA782}.Release|Any CPU.Build.0 = Release|Any CPU
		{FE75B31C-D29A-468B-99C0-BBBE186BA782}.Release|Any CPU.Deploy.0 = Release|Any CPU
		{1056ED03-00B5-4F4A-A8C1-C32B8E5FD77B}.Debug|Any CPU.ActiveCfg = Debug|Any CPU
		{1056ED03-00B5-4F4A-A8C1-C32B8E5FD77B}.Debug|Any CPU.Build.0 = Debug|Any CPU
		{1056ED03-00B5-4F4A-A8C1-C32B8E5FD77B}.Debug|Any CPU.Deploy.0 = Debug|Any CPU
		{1056ED03-00B5-4F4A-A8C1-C32B8E5FD77B}.Release|Any CPU.ActiveCfg = Release|Any CPU
		{1056ED03-00B5-4F4A-A8C1-C32B8E5FD77B}.Release|Any CPU.Build.0 = Release|Any CPU
		{1056ED03-00B5-4F4A-A8C1-C32B8E5FD77B}.Release|Any CPU.Deploy.0 = Release|Any CPU
		{950EED4F-9DD3-42AB-92A5-B7A3DE4A6649}.Debug|Any CPU.ActiveCfg = Debug|Any CPU
		{950EED4F-9DD3-42AB-92A5-B7A3DE4A6649}.Debug|Any CPU.Build.0 = Debug|Any CPU
		{950EED4F-9DD3-42AB-92A5-B7A3DE4A6649}.Debug|Any CPU.Deploy.0 = Debug|Any CPU
		{950EED4F-9DD3-42AB-92A5-B7A3DE4A6649}.Release|Any CPU.ActiveCfg = Release|Any CPU
		{950EED4F-9DD3-42AB-92A5-B7A3DE4A6649}.Release|Any CPU.Build.0 = Release|Any CPU
		{950EED4F-9DD3-42AB-92A5-B7A3DE4A6649}.Release|Any CPU.Deploy.0 = Release|Any CPU
		{BFAA0FFD-9DD6-45EA-9004-93040D74C56A}.Debug|Any CPU.ActiveCfg = Debug|Any CPU
		{BFAA0FFD-9DD6-45EA-9004-93040D74C56A}.Debug|Any CPU.Build.0 = Debug|Any CPU
		{BFAA0FFD-9DD6-45EA-9004-93040D74C56A}.Debug|Any CPU.Deploy.0 = Debug|Any CPU
		{BFAA0FFD-9DD6-45EA-9004-93040D74C56A}.Release|Any CPU.ActiveCfg = Release|Any CPU
		{BFAA0FFD-9DD6-45EA-9004-93040D74C56A}.Release|Any CPU.Build.0 = Release|Any CPU
		{BFAA0FFD-9DD6-45EA-9004-93040D74C56A}.Release|Any CPU.Deploy.0 = Release|Any CPU
		{EFB7498A-1F7A-47D1-A599-EACF9CCACCC0}.Debug|Any CPU.ActiveCfg = Debug|Any CPU
		{EFB7498A-1F7A-47D1-A599-EACF9CCACCC0}.Debug|Any CPU.Build.0 = Debug|Any CPU
		{EFB7498A-1F7A-47D1-A599-EACF9CCACCC0}.Debug|Any CPU.Deploy.0 = Debug|Any CPU
		{EFB7498A-1F7A-47D1-A599-EACF9CCACCC0}.Release|Any CPU.ActiveCfg = Release|Any CPU
		{EFB7498A-1F7A-47D1-A599-EACF9CCACCC0}.Release|Any CPU.Build.0 = Release|Any CPU
		{EFB7498A-1F7A-47D1-A599-EACF9CCACCC0}.Release|Any CPU.Deploy.0 = Release|Any CPU
		{7A4FFD59-5D97-4C50-9756-9B398A2B9A1C}.Debug|Any CPU.ActiveCfg = Debug|Any CPU
		{7A4FFD59-5D97-4C50-9756-9B398A2B9A1C}.Debug|Any CPU.Build.0 = Debug|Any CPU
		{7A4FFD59-5D97-4C50-9756-9B398A2B9A1C}.Debug|Any CPU.Deploy.0 = Debug|Any CPU
		{7A4FFD59-5D97-4C50-9756-9B398A2B9A1C}.Release|Any CPU.ActiveCfg = Release|Any CPU
		{7A4FFD59-5D97-4C50-9756-9B398A2B9A1C}.Release|Any CPU.Build.0 = Release|Any CPU
		{7A4FFD59-5D97-4C50-9756-9B398A2B9A1C}.Release|Any CPU.Deploy.0 = Release|Any CPU
		{EA8AAD7E-5785-4BB0-BDCE-21C5DB52E1C1}.Debug|Any CPU.ActiveCfg = Debug|Any CPU
		{EA8AAD7E-5785-4BB0-BDCE-21C5DB52E1C1}.Debug|Any CPU.Build.0 = Debug|Any CPU
		{EA8AAD7E-5785-4BB0-BDCE-21C5DB52E1C1}.Debug|Any CPU.Deploy.0 = Debug|Any CPU
		{EA8AAD7E-5785-4BB0-BDCE-21C5DB52E1C1}.Release|Any CPU.ActiveCfg = Release|Any CPU
		{EA8AAD7E-5785-4BB0-BDCE-21C5DB52E1C1}.Release|Any CPU.Build.0 = Release|Any CPU
		{EA8AAD7E-5785-4BB0-BDCE-21C5DB52E1C1}.Release|Any CPU.Deploy.0 = Release|Any CPU
		{4F42E1D4-F319-40FC-8BE4-20BC90B6DC62}.Debug|Any CPU.ActiveCfg = Debug|Any CPU
		{4F42E1D4-F319-40FC-8BE4-20BC90B6DC62}.Debug|Any CPU.Build.0 = Debug|Any CPU
		{4F42E1D4-F319-40FC-8BE4-20BC90B6DC62}.Debug|Any CPU.Deploy.0 = Debug|Any CPU
		{4F42E1D4-F319-40FC-8BE4-20BC90B6DC62}.Release|Any CPU.ActiveCfg = Release|Any CPU
		{4F42E1D4-F319-40FC-8BE4-20BC90B6DC62}.Release|Any CPU.Build.0 = Release|Any CPU
		{4F42E1D4-F319-40FC-8BE4-20BC90B6DC62}.Release|Any CPU.Deploy.0 = Release|Any CPU
		{3EDC5268-6679-4DB3-8D6C-EDACEB231B57}.Debug|Any CPU.ActiveCfg = Debug|Any CPU
		{3EDC5268-6679-4DB3-8D6C-EDACEB231B57}.Debug|Any CPU.Build.0 = Debug|Any CPU
		{3EDC5268-6679-4DB3-8D6C-EDACEB231B57}.Debug|Any CPU.Deploy.0 = Debug|Any CPU
		{3EDC5268-6679-4DB3-8D6C-EDACEB231B57}.Release|Any CPU.ActiveCfg = Release|Any CPU
		{3EDC5268-6679-4DB3-8D6C-EDACEB231B57}.Release|Any CPU.Build.0 = Release|Any CPU
		{3EDC5268-6679-4DB3-8D6C-EDACEB231B57}.Release|Any CPU.Deploy.0 = Release|Any CPU
		{0AF3FEB5-E8B7-4DDC-B3A9-BE174086D642}.Debug|Any CPU.ActiveCfg = Debug|Any CPU
		{0AF3FEB5-E8B7-4DDC-B3A9-BE174086D642}.Debug|Any CPU.Build.0 = Debug|Any CPU
		{0AF3FEB5-E8B7-4DDC-B3A9-BE174086D642}.Debug|Any CPU.Deploy.0 = Debug|Any CPU
		{0AF3FEB5-E8B7-4DDC-B3A9-BE174086D642}.Release|Any CPU.ActiveCfg = Release|Any CPU
		{0AF3FEB5-E8B7-4DDC-B3A9-BE174086D642}.Release|Any CPU.Build.0 = Release|Any CPU
		{0AF3FEB5-E8B7-4DDC-B3A9-BE174086D642}.Release|Any CPU.Deploy.0 = Release|Any CPU
		{53081350-8E02-44CF-BE3C-CBC125E7724A}.Debug|Any CPU.ActiveCfg = Debug|Any CPU
		{53081350-8E02-44CF-BE3C-CBC125E7724A}.Debug|Any CPU.Build.0 = Debug|Any CPU
		{53081350-8E02-44CF-BE3C-CBC125E7724A}.Debug|Any CPU.Deploy.0 = Debug|Any CPU
		{53081350-8E02-44CF-BE3C-CBC125E7724A}.Release|Any CPU.ActiveCfg = Release|Any CPU
		{53081350-8E02-44CF-BE3C-CBC125E7724A}.Release|Any CPU.Build.0 = Release|Any CPU
		{53081350-8E02-44CF-BE3C-CBC125E7724A}.Release|Any CPU.Deploy.0 = Release|Any CPU
		{4666FE8B-1EC8-425C-9109-E185A3B3F37D}.Debug|Any CPU.ActiveCfg = Debug|Any CPU
		{4666FE8B-1EC8-425C-9109-E185A3B3F37D}.Debug|Any CPU.Build.0 = Debug|Any CPU
		{4666FE8B-1EC8-425C-9109-E185A3B3F37D}.Debug|Any CPU.Deploy.0 = Debug|Any CPU
		{4666FE8B-1EC8-425C-9109-E185A3B3F37D}.Release|Any CPU.ActiveCfg = Release|Any CPU
		{4666FE8B-1EC8-425C-9109-E185A3B3F37D}.Release|Any CPU.Build.0 = Release|Any CPU
		{4666FE8B-1EC8-425C-9109-E185A3B3F37D}.Release|Any CPU.Deploy.0 = Release|Any CPU
		{FB7008A2-9D0E-474F-B053-1D7669B22F78}.Debug|Any CPU.ActiveCfg = Debug|Any CPU
		{FB7008A2-9D0E-474F-B053-1D7669B22F78}.Debug|Any CPU.Build.0 = Debug|Any CPU
		{FB7008A2-9D0E-474F-B053-1D7669B22F78}.Debug|Any CPU.Deploy.0 = Debug|Any CPU
		{FB7008A2-9D0E-474F-B053-1D7669B22F78}.Release|Any CPU.ActiveCfg = Release|Any CPU
		{FB7008A2-9D0E-474F-B053-1D7669B22F78}.Release|Any CPU.Build.0 = Release|Any CPU
		{FB7008A2-9D0E-474F-B053-1D7669B22F78}.Release|Any CPU.Deploy.0 = Release|Any CPU
		{5A536032-DFAE-4A93-A2C3-CE5FB061CF8D}.Debug|Any CPU.ActiveCfg = Debug|Any CPU
		{5A536032-DFAE-4A93-A2C3-CE5FB061CF8D}.Debug|Any CPU.Build.0 = Debug|Any CPU
		{5A536032-DFAE-4A93-A2C3-CE5FB061CF8D}.Debug|Any CPU.Deploy.0 = Debug|Any CPU
		{5A536032-DFAE-4A93-A2C3-CE5FB061CF8D}.Release|Any CPU.ActiveCfg = Release|Any CPU
		{5A536032-DFAE-4A93-A2C3-CE5FB061CF8D}.Release|Any CPU.Build.0 = Release|Any CPU
		{5A536032-DFAE-4A93-A2C3-CE5FB061CF8D}.Release|Any CPU.Deploy.0 = Release|Any CPU
		{E0191846-CB9E-40F9-A30D-0CE492BA36DC}.Debug|Any CPU.ActiveCfg = Debug|Any CPU
		{E0191846-CB9E-40F9-A30D-0CE492BA36DC}.Debug|Any CPU.Build.0 = Debug|Any CPU
		{E0191846-CB9E-40F9-A30D-0CE492BA36DC}.Debug|Any CPU.Deploy.0 = Debug|Any CPU
		{E0191846-CB9E-40F9-A30D-0CE492BA36DC}.Release|Any CPU.ActiveCfg = Release|Any CPU
		{E0191846-CB9E-40F9-A30D-0CE492BA36DC}.Release|Any CPU.Build.0 = Release|Any CPU
		{E0191846-CB9E-40F9-A30D-0CE492BA36DC}.Release|Any CPU.Deploy.0 = Release|Any CPU
		{16F0B232-778B-4A54-9884-1169997A0A15}.Debug|Any CPU.ActiveCfg = Debug|Any CPU
		{16F0B232-778B-4A54-9884-1169997A0A15}.Debug|Any CPU.Build.0 = Debug|Any CPU
		{16F0B232-778B-4A54-9884-1169997A0A15}.Debug|Any CPU.Deploy.0 = Debug|Any CPU
		{16F0B232-778B-4A54-9884-1169997A0A15}.Release|Any CPU.ActiveCfg = Release|Any CPU
		{16F0B232-778B-4A54-9884-1169997A0A15}.Release|Any CPU.Build.0 = Release|Any CPU
		{16F0B232-778B-4A54-9884-1169997A0A15}.Release|Any CPU.Deploy.0 = Release|Any CPU
		{53D06A59-C598-407D-AB09-CE3333E483A2}.Debug|Any CPU.ActiveCfg = Debug|Any CPU
		{53D06A59-C598-407D-AB09-CE3333E483A2}.Debug|Any CPU.Build.0 = Debug|Any CPU
		{53D06A59-C598-407D-AB09-CE3333E483A2}.Debug|Any CPU.Deploy.0 = Debug|Any CPU
		{53D06A59-C598-407D-AB09-CE3333E483A2}.Release|Any CPU.ActiveCfg = Release|Any CPU
		{53D06A59-C598-407D-AB09-CE3333E483A2}.Release|Any CPU.Build.0 = Release|Any CPU
		{53D06A59-C598-407D-AB09-CE3333E483A2}.Release|Any CPU.Deploy.0 = Release|Any CPU
	EndGlobalSection
	GlobalSection(SolutionProperties) = preSolution
		HideSolutionNode = FALSE
	EndGlobalSection
EndGlobal
